
Microsoft Visual Studio Solution File, Format Version 12.00
# Visual Studio 2013
VisualStudioVersion = 12.0.21005.1
MinimumVisualStudioVersion = 10.0.40219.1
Project("{FAE04EC0-301F-11D3-BF4B-00C04F79EFBC}") = "Grid", "Grid\Grid.csproj", "{7A617211-C138-4482-83B6-51C95187B93F}"
EndProject
Project("{FAE04EC0-301F-11D3-BF4B-00C04F79EFBC}") = "WpfTest2", "WpfTest2\WpfTest2.csproj", "{CFB5A79E-18B8-4803-A3B8-5BA79785E9A5}"
EndProject
Global
	GlobalSection(SolutionConfigurationPlatforms) = preSolution
		Debug|Any CPU = Debug|Any CPU
		Release|Any CPU = Release|Any CPU
	EndGlobalSection
	GlobalSection(ProjectConfigurationPlatforms) = postSolution
		{7A617211-C138-4482-83B6-51C95187B93F}.Debug|Any CPU.ActiveCfg = Debug|Any CPU
		{7A617211-C138-4482-83B6-51C95187B93F}.Debug|Any CPU.Build.0 = Debug|Any CPU
		{7A617211-C138-4482-83B6-51C95187B93F}.Release|Any CPU.ActiveCfg = Release|Any CPU
		{7A617211-C138-4482-83B6-51C95187B93F}.Release|Any CPU.Build.0 = Release|Any CPU
		{CFB5A79E-18B8-4803-A3B8-5BA79785E9A5}.Debug|Any CPU.ActiveCfg = Debug|Any CPU
		{CFB5A79E-18B8-4803-A3B8-5BA79785E9A5}.Debug|Any CPU.Build.0 = Debug|Any CPU
		{CFB5A79E-18B8-4803-A3B8-5BA79785E9A5}.Release|Any CPU.ActiveCfg = Release|Any CPU
		{CFB5A79E-18B8-4803-A3B8-5BA79785E9A5}.Release|Any CPU.Build.0 = Release|Any CPU
	EndGlobalSection
	GlobalSection(SolutionProperties) = preSolution
		HideSolutionNode = FALSE
	EndGlobalSection
EndGlobal
